{
  "lockfileVersion": 1,
  "configVersion": 1,
  "workspaces": {
    "": {
      "name": "slyguard",
      "devDependencies": {
        "@agentghost/langchain": "workspace:*",
        "@agentghost/openai": "workspace:*",
        "@agentghost/sdk": "workspace:*",
        "@agentghost/vercel": "workspace:*",
        "@langchain/core": "^1.2.11",
        "@langchain/openai": "^1.5.13",
        "@types/node": "^22.10.0",
        "ai": "^7.0.106",
        "langchain": "^1.5.11",
        "openai": "^7.19.0",
        "typescript": "^5.7.2",
        "zod": "^4.6.5",
      },
    },
    "packages/langchain": {
      "name": "@agentghost/langchain",
      "version": "0.1.0",
      "dependencies": {
        "@agentghost/sdk": "workspace:*",
      },
      "peerDependencies": {
        "@langchain/core": ">=0.3.0",
      },
      "optionalPeers": [
        "@langchain/core",
      ],
    },
    "packages/openai": {
      "name": "@agentghost/openai",
      "version": "0.1.0",
      "dependencies": {
        "@agentghost/sdk": "workspace:*",
      },
    },
    "packages/sdk": {
      "name": "@agentghost/sdk",
      "version": "0.1.0",
      "peerDependencies": {
        "ai": ">=7.0.105",
      },
      "optionalPeers": [
        "ai",
      ],
    },
    "packages/vercel": {
      "name": "@agentghost/vercel",
      "version": "0.1.0",
      "dependencies": {
        "@agentghost/sdk": "workspace:*",
      },
      "peerDependencies": {
        "ai": ">=4.0.0",
      },
      "optionalPeers": [
        "ai",
      ],
    },
  },
  "packages": {
    "@agentghost/langchain": ["@agentghost/langchain@workspace:packages/langchain"],

    "@agentghost/openai": ["@agentghost/openai@workspace:packages/openai"],

    "@agentghost/sdk": ["@agentghost/sdk@workspace:packages/sdk"],

    "@agentghost/vercel": ["@agentghost/vercel@workspace:packages/vercel"],

    "@ai-sdk/gateway": ["@ai-sdk/gateway@4.0.86", "", { "dependencies": { "@ai-sdk/provider": "4.0.17", "@ai-sdk/provider-utils": "5.0.44", "@vercel/oidc": "3.2.0" }, "peerDependencies": { "zod": "^3.25.76 || ^4.1.8" } }, "sha512-sPqb9+Uparn18A7zf6GDXXIx/+tsdA7V43NyL+HaHMBl7wrFaO9fBEf4/FoiKn1D/zv0Cc3PgpJX9JsuG7MKeg=="],

    "@ai-sdk/provider": ["@ai-sdk/provider@4.0.17", "", { "dependencies": { "json-schema": "^0.4.0" } }, "sha512-VYMBxIQdcHqbIf1j+YZlI9Ati6LZ4wJe0GGd4z4a5H/KxTggjeOiyaVYTnfF7LHZK5jMQ+rofmzz4QPqf++NUw=="],

    "@ai-sdk/provider-utils": ["@ai-sdk/provider-utils@5.0.44", "", { "dependencies": { "@ai-sdk/provider": "4.0.17", "@standard-schema/spec": "^1.1.0", "@workflow/serde": "4.1.0", "eventsource-parser": "^3.0.8", "undici": "^7.29.0" }, "peerDependencies": { "zod": "^3.25.76 || ^4.1.8" } }, "sha512-TZGr0Al1mMnRh7Wd+3qTnSdWvBDIst2Abl8mglkob8rbXF1TG5xoeVLV19rD/AtB+NL/LUPITdbQ0EFGHRBcSw=="],

    "@cfworker/json-schema": ["@cfworker/json-schema@4.1.1", "", {}, "sha512-gAmrUZSGtKc3AiBL71iNWxDsyUC5uMaKKGdvzYsBoTW/xi42JQHl7eKV2OYzCUqvc+D2RCcf7EXY2iCyFIk6og=="],

    "@langchain/core": ["@langchain/core@1.2.11", "", { "dependencies": { "@cfworker/json-schema": "^4.0.2", "@standard-schema/spec": "^1.1.0", "js-tiktoken": "^1.0.12", "langsmith": ">=0.5.0 <1.0.0", "mustache": "^4.2.0", "p-queue": "^6.6.2", "zod": "^3.25.76 || ^4" } }, "sha512-8yuWLLloTSYA453akm2JSadOVa8kGDY8v+kTzQ6kTY6aIETTEIxgysjZWyKrWQLo3UazctsSoGJ8JrdCGFL4/w=="],

    "@langchain/langgraph": ["@langchain/langgraph@1.4.15", "", { "dependencies": { "@langchain/langgraph-checkpoint": "^1.1.5", "@langchain/langgraph-sdk": "~1.11.0", "@langchain/protocol": "^0.0.19", "@standard-schema/spec": "1.1.0" }, "peerDependencies": { "@langchain/core": "^1.1.48", "zod": "^3.25.32 || ^4.2.0" } }, "sha512-QG8led1xbFfgikAIF9E5G1Kp1KLtq/xv7YASWy+wnPftQw0Hxu0kpPXl0Q1U2Dfpwb8w/Vfz0QarUR8eI/xtRw=="],

    "@langchain/langgraph-checkpoint": ["@langchain/langgraph-checkpoint@1.1.5", "", { "peerDependencies": { "@langchain/core": "^1.1.48" } }, "sha512-BwDwl5VeTOh6CVuiIPgsUgfK51vTJDMSbFcSCUfjJWsl8/DPdK/mbv+ejxJstkSk/BlSPMP4JfXWcN6jD2ea2Q=="],

    "@langchain/langgraph-sdk": ["@langchain/langgraph-sdk@1.11.0", "", { "dependencies": { "@langchain/protocol": "^0.0.19", "@types/json-schema": "^7.0.15", "p-queue": "^9.0.1", "p-retry": "^7.1.1" }, "peerDependencies": { "@langchain/core": "^1.1.48", "react": "^18 || ^19", "react-dom": "^18 || ^19" }, "optionalPeers": ["react", "react-dom"] }, "sha512-Gk6mrCs2fbqKr3luQxVM5ZEcpjK35QO5w/Tr9h/RQPzeKqrsHyPrP4NR9udfgy1ycu7KvvoZ3V0t3beN/edx0g=="],

    "@langchain/openai": ["@langchain/openai@1.5.13", "", { "dependencies": { "js-tiktoken": "^1.0.12", "openai": "^7.10.0", "zod": "^3.25.76 || ^4" }, "peerDependencies": { "@langchain/core": "^1.2.11" } }, "sha512-SA1QWNgM/p8xhdwU82CJ7OofhHEExpAaIwJ7j9ELIyVW795Mn0jDRQO/5yChawLcPhuLkeL+jMesi0FnXbImSg=="],

    "@langchain/protocol": ["@langchain/protocol@0.0.19", "", {}, "sha512-9hKcRrH7cBX6gfutdfXPoft1OCchHe4FEpALoDJMl5Qu+n/YG5ynZmyu8+8cxORlPwHBoKTxggvXz+76M1yX1Q=="],

    "@standard-schema/spec": ["@standard-schema/spec@1.1.0", "", {}, "sha512-l2aFy5jALhniG5HgqrD6jXLi/rUWrKvqN/qJx6yoJsgKhblVd+iqqU4RCXavm/jPityDo5TCvKMnpjKnOriy0w=="],

    "@types/json-schema": ["@types/json-schema@7.0.15", "", {}, "sha512-5+fP8P8MFNC+AyZCDxrB2pkZFPGzqQWUzpSeuuVLvm8VMcorNYavBqoFcxK8bQz4Qsbn4oUEEem4wDLfcysGHA=="],

    "@types/node": ["@types/node@22.20.3", "", { "dependencies": { "undici-types": "~6.21.0" } }, "sha512-DZmzkmwHzXrLPAXPyKNDzlIwMMUZCVacoD25ywdy5YTKGbOx/2ld+Q38Im2zJ0vBuZP5Prd3VZutKZyXwkOS8A=="],

    "@vercel/oidc": ["@vercel/oidc@3.2.0", "", {}, "sha512-UycprH3T6n3jH0k44NHMa7pnFHGu/N05MjojYr+Mc6I7obkoLIJujSWwin1pCvdy/eOxrI/l3uDLQsmcrOb4ug=="],

    "@workflow/serde": ["@workflow/serde@4.1.0", "", {}, "sha512-pav4F2BoirECWR7Nf1TKt+2eETcBj7jj4cBefQ8VXQCA6NPkaKeLfj/zMgi+3zYV5ZIBT4GuUiphsj0/b9hPQQ=="],

    "ai": ["ai@7.0.106", "", { "dependencies": { "@ai-sdk/gateway": "4.0.86", "@ai-sdk/provider": "4.0.17", "@ai-sdk/provider-utils": "5.0.44" }, "peerDependencies": { "zod": "^3.25.76 || ^4.1.8" } }, "sha512-0W9AlZfyhOlPyE9ZXCFisg0uxxrmQMGdoVUz0ewRg5J+xAhVBomSspktqYeGWABFbQrYyWRVibnvSf24pTeE2w=="],

    "base64-js": ["base64-js@1.5.1", "", {}, "sha512-AKpaYlHn8t4SVbOHCy+b5+KKgvR4vrsD8vbvrbiQJps7fKDTkjkDry6ji0rUJjC0kzbNePLwzxq8iypo41qeWA=="],

    "eventemitter3": ["eventemitter3@4.0.7", "", {}, "sha512-8guHBZCwKnFhYdHr2ysuRWErTwhoN2X8XELRlrRwpmfeY2jjuUN4taQMsULKUVo1K4DvZl+0pgfyoysHxvmvEw=="],

    "eventsource-parser": ["eventsource-parser@3.1.1", "", {}, "sha512-EKN1vKAMcZ8MlYMpaNuxN6R9yakzH6uajHcHVTqWJzvu5pWw9DyhbP35HH8MVBQ+dZjAfDxk+A8NiR9KWaXiyQ=="],

    "is-network-error": ["is-network-error@1.3.2", "", {}, "sha512-PhBY86zaxNZUuWP6h13Vu5oFe0XY6/UlKzQnYFELzGVHygP3MxmvTfYSG7GN3aIab/iWudSMgjSnG9Dq+nHrgA=="],

    "js-tiktoken": ["js-tiktoken@1.0.21", "", { "dependencies": { "base64-js": "^1.5.1" } }, "sha512-biOj/6M5qdgx5TKjDnFT1ymSpM5tbd3ylwDtrQvFQSu0Z7bBYko2dF+W/aUkXUPuk6IVpRxk/3Q2sHOzGlS36g=="],

    "json-schema": ["json-schema@0.4.0", "", {}, "sha512-es94M3nTIfsEPisRafak+HDLfHXnKBhV3vU5eqPcS3flIWqcxJWgXHXiey3YrpaNsanY5ei1VoYEbOzijuq9BA=="],

    "langchain": ["langchain@1.5.11", "", { "dependencies": { "@langchain/langgraph": "^1.4.13", "@langchain/langgraph-checkpoint": "^1.1.5", "langsmith": ">=0.5.0 <1.0.0", "zod": "^3.25.76 || ^4" }, "peerDependencies": { "@langchain/core": "^1.2.10" } }, "sha512-6Sx9N5ylAJ11WrP1QnJLSIo75UABZbshzTJgG28H4mXuGcDk+w+7ZaNLkmGIh9sy/3PZcYS8UrI2rvH6A8NYIg=="],

    "langsmith": ["langsmith@0.10.4", "", { "dependencies": { "p-queue": "6.6.2" }, "peerDependencies": { "@opentelemetry/api": "*", "@opentelemetry/exporter-trace-otlp-proto": "*", "@opentelemetry/sdk-trace-base": "*", "openai": "*", "ws": ">=7" }, "optionalPeers": ["@opentelemetry/api", "@opentelemetry/exporter-trace-otlp-proto", "@opentelemetry/sdk-trace-base", "openai", "ws"] }, "sha512-P8kIZYLih9zDOr6e+wBTIKjSe3ak6LeFMKQFQJgAWQ65tjzrI/NcathO31Txr6BQZCCN2HEPfKX/YFmdbVBTgQ=="],

    "mustache": ["mustache@4.2.0", "", { "bin": { "mustache": "bin/mustache" } }, "sha512-71ippSywq5Yb7/tVYyGbkBggbU8H3u5Rz56fH60jGFgr8uHwxs+aSKeqmluIVzM0m0kB7xQjKS6qPfd0b2ZoqQ=="],

    "openai": ["openai@7.19.0", "", { "peerDependencies": { "@aws-sdk/credential-provider-node": ">=3.972.0 <4", "@smithy/hash-node": ">=4.3.0 <5", "@smithy/signature-v4": ">=5.4.0 <6", "undici": ">=5 <9", "ws": "^8.21.0", "zod": "^3.25 || ^4.0" }, "optionalPeers": ["@aws-sdk/credential-provider-node", "@smithy/hash-node", "@smithy/signature-v4", "undici", "ws", "zod"] }, "sha512-MX2s3u2L5racTO0CC/SWpCOasJQBCJrqLKXK+l82cAhdeF8mPMBEe/gxMm0ZFa2xpKpOFLRjxv5afYEZbBXmbQ=="],

    "p-finally": ["p-finally@1.0.0", "", {}, "sha512-LICb2p9CB7FS+0eR1oqWnHhp0FljGLZCWBE9aix0Uye9W8LTQPwMTYVGWQWIw9RdQiDg4+epXQODwIYJtSJaow=="],

    "p-queue": ["p-queue@6.6.2", "", { "dependencies": { "eventemitter3": "^4.0.4", "p-timeout": "^3.2.0" } }, "sha512-RwFpb72c/BhQLEXIZ5K2e+AhgNVmIejGlTgiB9MzZ0e93GRvqZ7uSi0dvRF7/XIXDeNkra2fNHBxTyPDGySpjQ=="],

    "p-retry": ["p-retry@7.1.1", "", { "dependencies": { "is-network-error": "^1.1.0" } }, "sha512-J5ApzjyRkkf601HpEeykoiCvzHQjWxPAHhyjFcEUP2SWq0+35NKh8TLhpLw+Dkq5TZBFvUM6UigdE9hIVYTl5w=="],

    "p-timeout": ["p-timeout@3.2.0", "", { "dependencies": { "p-finally": "^1.0.0" } }, "sha512-rhIwUycgwwKcP9yTOOFK/AKsAopjjCakVqLHePO3CC6Mir1Z99xT+R63jZxAT5lFZLa2inS5h+ZS2GvR99/FBg=="],

    "typescript": ["typescript@5.9.3", "", { "bin": { "tsc": "bin/tsc", "tsserver": "bin/tsserver" } }, "sha512-jl1vZzPDinLr9eUt3J/t7V6FgNEw9QjvBPdysz9KfQDD41fQrC2Y4vKQdiaUpFT4bXlb1RHhLpp8wtm6M5TgSw=="],

    "undici": ["undici@7.29.1", "", {}, "sha512-RYONW2MeafgYlkVOKYKkA/Ag7BmXqgIWCa8t1m0JcxrQg9pI9lEqRhAOruOBCbAohOa/gkCF+iPi9hrgvTzu6Q=="],

    "undici-types": ["undici-types@6.21.0", "", {}, "sha512-iwDZqg0QAGrg9Rav5H4n0M64c3mkR59cJ6wQp+7C4nI0gsmExaedaYLNO44eT4AtBBwjbTiGPMlt2Md0T9H9JQ=="],

    "zod": ["zod@4.6.5", "", {}, "sha512-v5l/aFXZQeai4awLbOpSoHecE9UiMrnfx75tEXLjNonXVARxQ5mOeipTjROUchszUNCqnE+hqAMujRsRHsut2Q=="],

    "@langchain/langgraph-sdk/p-queue": ["p-queue@9.3.3", "", { "dependencies": { "eventemitter3": "^5.0.4", "p-timeout": "^7.0.0" } }, "sha512-NXAOdnEe5FsZJfT4oK84lE1Y5cFFdWlRuOo5tww8DyNMxyRXwn39fIkUtNLKppcPC+UYU/bXujNCUGDv01y7CA=="],

    "@langchain/langgraph-sdk/p-queue/eventemitter3": ["eventemitter3@5.0.4", "", {}, "sha512-mlsTRyGaPBjPedk6Bvw+aqbsXDtoAyAzm5MO7JgU+yVRyMQ5O8bD4Kcci7BS85f93veegeCPkL8R4GLClnjLFw=="],

    "@langchain/langgraph-sdk/p-queue/p-timeout": ["p-timeout@7.0.2", "", {}, "sha512-prbX4Z3YszrFNgH+MW5Zoeq3baXrMtP/MQnFeET90UB/GtGcGDQ5Usg9OCy6ETjTTntOw1SL2z9fMPUppN3Guw=="],
  }
}
